
Microsoft Visual Studio Solution File, Format Version 12.00
Project("{FAE04EC0-301F-11D3-BF4B-00C04F79EFBC}") = "StartUp", "StartUp\StartUp.csproj", "{06F3236F-2F01-44A0-A447-7F73C3543F7E}"
EndProject
Global
	GlobalSection(SolutionConfigurationPlatforms) = preSolution
		Debug|Any CPU = Debug|Any CPU
		Release|Any CPU = Release|Any CPU
	EndGlobalSection
	GlobalSection(ProjectConfigurationPlatforms) = postSolution
		{06F3236F-2F01-44A0-A447-7F73C3543F7E}.Debug|Any CPU.ActiveCfg = Debug|Any CPU
		{06F3236F-2F01-44A0-A447-7F73C3543F7E}.Debug|Any CPU.Build.0 = Debug|Any CPU
		{06F3236F-2F01-44A0-A447-7F73C3543F7E}.Release|Any CPU.ActiveCfg = Release|Any CPU
		{06F3236F-2F01-44A0-A447-7F73C3543F7E}.Release|Any CPU.Build.0 = Release|Any CPU
	EndGlobalSection
EndGlobal
